
Microsoft Visual Studio Solution File, Format Version 12.00
# Visual Studio Version 16
VisualStudioVersion = 16.0.34114.132
MinimumVisualStudioVersion = 10.0.40219.1
Project("{FAE04EC0-301F-11D3-BF4B-00C04F79EFBC}") = "KT0720Trọng_63135896", "KT0720Trọng_63135896\KT0720Trọng_63135896.csproj", "{EB6A4FCF-629C-4FAF-B265-64F30CE9E5DC}"
EndProject
Global
	GlobalSection(SolutionConfigurationPlatforms) = preSolution
		Debug|Any CPU = Debug|Any CPU
		Release|Any CPU = Release|Any CPU
	EndGlobalSection
	GlobalSection(ProjectConfigurationPlatforms) = postSolution
		{EB6A4FCF-629C-4FAF-B265-64F30CE9E5DC}.Debug|Any CPU.ActiveCfg = Debug|Any CPU
		{EB6A4FCF-629C-4FAF-B265-64F30CE9E5DC}.Debug|Any CPU.Build.0 = Debug|Any CPU
		{EB6A4FCF-629C-4FAF-B265-64F30CE9E5DC}.Release|Any CPU.ActiveCfg = Release|Any CPU
		{EB6A4FCF-629C-4FAF-B265-64F30CE9E5DC}.Release|Any CPU.Build.0 = Release|Any CPU
	EndGlobalSection
	GlobalSection(SolutionProperties) = preSolution
		HideSolutionNode = FALSE
	EndGlobalSection
	GlobalSection(ExtensibilityGlobals) = postSolution
		SolutionGuid = {E1C18E56-D418-47EA-A3B5-B15440BCDFA0}
	EndGlobalSection
EndGlobal
