
Microsoft Visual Studio Solution File, Format Version 12.00
# Visual Studio Version 16
VisualStudioVersion = 16.0.34114.132
MinimumVisualStudioVersion = 10.0.40219.1
Project("{FAE04EC0-301F-11D3-BF4B-00C04F79EFBC}") = "Product", "Product\Product.csproj", "{76E4B382-30CB-4835-860C-9FE8DAE1208D}"
EndProject
Global
	GlobalSection(SolutionConfigurationPlatforms) = preSolution
		Debug|Any CPU = Debug|Any CPU
		Release|Any CPU = Release|Any CPU
	EndGlobalSection
	GlobalSection(ProjectConfigurationPlatforms) = postSolution
		{76E4B382-30CB-4835-860C-9FE8DAE1208D}.Debug|Any CPU.ActiveCfg = Debug|Any CPU
		{76E4B382-30CB-4835-860C-9FE8DAE1208D}.Debug|Any CPU.Build.0 = Debug|Any CPU
		{76E4B382-30CB-4835-860C-9FE8DAE1208D}.Release|Any CPU.ActiveCfg = Release|Any CPU
		{76E4B382-30CB-4835-860C-9FE8DAE1208D}.Release|Any CPU.Build.0 = Release|Any CPU
	EndGlobalSection
	GlobalSection(SolutionProperties) = preSolution
		HideSolutionNode = FALSE
	EndGlobalSection
	GlobalSection(ExtensibilityGlobals) = postSolution
		SolutionGuid = {AB4E49E1-6F0C-4F3B-BE03-47A0C698F347}
	EndGlobalSection
EndGlobal
